
Microsoft Visual Studio Solution File, Format Version 12.00
# Visual Studio Version 16
VisualStudioVersion = 16.0.32228.343
MinimumVisualStudioVersion = 10.0.40219.1
Project("{FAE04EC0-301F-11D3-BF4B-00C04F79EFBC}") = "GitDemo", "GitDemo\GitDemo.csproj", "{7995A4AF-E8DA-4055-BE4F-6EAD0EC60A75}"
EndProject
Global
	GlobalSection(SolutionConfigurationPlatforms) = preSolution
		Debug|Any CPU = Debug|Any CPU
		Release|Any CPU = Release|Any CPU
	EndGlobalSection
	GlobalSection(ProjectConfigurationPlatforms) = postSolution
		{7995A4AF-E8DA-4055-BE4F-6EAD0EC60A75}.Debug|Any CPU.ActiveCfg = Debug|Any CPU
		{7995A4AF-E8DA-4055-BE4F-6EAD0EC60A75}.Debug|Any CPU.Build.0 = Debug|Any CPU
		{7995A4AF-E8DA-4055-BE4F-6EAD0EC60A75}.Release|Any CPU.ActiveCfg = Release|Any CPU
		{7995A4AF-E8DA-4055-BE4F-6EAD0EC60A75}.Release|Any CPU.Build.0 = Release|Any CPU
	EndGlobalSection
	GlobalSection(SolutionProperties) = preSolution
		HideSolutionNode = FALSE
	EndGlobalSection
	GlobalSection(ExtensibilityGlobals) = postSolution
		SolutionGuid = {55C01A22-77CE-408D-8BBA-6380DEB85ABB}
	EndGlobalSection
EndGlobal
